
Microsoft Visual Studio Solution File, Format Version 12.00
# Visual Studio Version 16
VisualStudioVersion = 16.0.29806.167
MinimumVisualStudioVersion = 10.0.40219.1
Project("{9A19103F-16F7-4668-BE54-9A1E7A4F7556}") = "SumOfEven", "Task01\SumOfEven.csproj", "{BBED698C-113F-4562-B802-EEA8007D1B8B}"
EndProject
Project("{FAE04EC0-301F-11D3-BF4B-00C04F79EFBC}") = "StudnetGroup", "StudnetGroup\StudnetGroup.csproj", "{D848EF97-A331-4749-B872-4F433FAAD4FD}"
EndProject
Global
	GlobalSection(SolutionConfigurationPlatforms) = preSolution
		Debug|Any CPU = Debug|Any CPU
		Release|Any CPU = Release|Any CPU
	EndGlobalSection
	GlobalSection(ProjectConfigurationPlatforms) = postSolution
		{BBED698C-113F-4562-B802-EEA8007D1B8B}.Debug|Any CPU.ActiveCfg = Debug|Any CPU
		{BBED698C-113F-4562-B802-EEA8007D1B8B}.Debug|Any CPU.Build.0 = Debug|Any CPU
		{BBED698C-113F-4562-B802-EEA8007D1B8B}.Release|Any CPU.ActiveCfg = Release|Any CPU
		{BBED698C-113F-4562-B802-EEA8007D1B8B}.Release|Any CPU.Build.0 = Release|Any CPU
		{D848EF97-A331-4749-B872-4F433FAAD4FD}.Debug|Any CPU.ActiveCfg = Debug|Any CPU
		{D848EF97-A331-4749-B872-4F433FAAD4FD}.Debug|Any CPU.Build.0 = Debug|Any CPU
		{D848EF97-A331-4749-B872-4F433FAAD4FD}.Release|Any CPU.ActiveCfg = Release|Any CPU
		{D848EF97-A331-4749-B872-4F433FAAD4FD}.Release|Any CPU.Build.0 = Release|Any CPU
	EndGlobalSection
	GlobalSection(SolutionProperties) = preSolution
		HideSolutionNode = FALSE
	EndGlobalSection
	GlobalSection(ExtensibilityGlobals) = postSolution
		SolutionGuid = {5379AC1C-1C73-4A44-925C-85F13275057A}
	EndGlobalSection
EndGlobal
